<Solution>
  <Folder Name="/Solution Items/">
    <File Path="Directory.Build.props" />
    <File Path="Directory.Packages.props" />
    <File Path="README.md" />
    <File Path="DESIGN.md" />
    <File Path="docker-compose.yml" />
  </Folder>
  <Folder Name="/src/">
    <Project Path="src/BuildingBlocks/BuildingBlocks.csproj" />
    <Project Path="src/BuildingBlocks.Persistence/BuildingBlocks.Persistence.csproj" />
    <Project Path="src/Host/Host.csproj" />
  </Folder>
  <Folder Name="/src/Modules/" />
  <Folder Name="/src/Modules/Catalog/">
    <Project Path="src/Modules/Catalog/Catalog.Application/Catalog.Application.csproj" />
    <Project Path="src/Modules/Catalog/Catalog.Contracts/Catalog.Contracts.csproj" />
    <Project Path="src/Modules/Catalog/Catalog.Domain/Catalog.Domain.csproj" />
    <Project Path="src/Modules/Catalog/Catalog.Endpoints/Catalog.Endpoints.csproj" />
    <Project Path="src/Modules/Catalog/Catalog.Infrastructure/Catalog.Infrastructure.csproj" />
  </Folder>
  <Folder Name="/src/Modules/Identity/">
    <Project Path="src/Modules/Identity/Identity.Application/Identity.Application.csproj" />
    <Project Path="src/Modules/Identity/Identity.Contracts/Identity.Contracts.csproj" />
    <Project Path="src/Modules/Identity/Identity.Domain/Identity.Domain.csproj" />
    <Project Path="src/Modules/Identity/Identity.Endpoints/Identity.Endpoints.csproj" />
    <Project Path="src/Modules/Identity/Identity.Infrastructure/Identity.Infrastructure.csproj" />
  </Folder>
  <Folder Name="/src/Modules/Inventory/">
    <Project Path="src/Modules/Inventory/Inventory.Application/Inventory.Application.csproj" />
    <Project Path="src/Modules/Inventory/Inventory.Contracts/Inventory.Contracts.csproj" />
    <Project Path="src/Modules/Inventory/Inventory.Domain/Inventory.Domain.csproj" />
    <Project Path="src/Modules/Inventory/Inventory.Endpoints/Inventory.Endpoints.csproj" />
    <Project Path="src/Modules/Inventory/Inventory.Infrastructure/Inventory.Infrastructure.csproj" />
  </Folder>
  <Folder Name="/src/Modules/Notifications/">
    <Project Path="src/Modules/Notifications/Notifications.Application/Notifications.Application.csproj" />
    <Project Path="src/Modules/Notifications/Notifications.Contracts/Notifications.Contracts.csproj" />
    <Project Path="src/Modules/Notifications/Notifications.Domain/Notifications.Domain.csproj" />
    <Project Path="src/Modules/Notifications/Notifications.Endpoints/Notifications.Endpoints.csproj" />
    <Project Path="src/Modules/Notifications/Notifications.Infrastructure/Notifications.Infrastructure.csproj" />
  </Folder>
  <Folder Name="/src/Modules/Reporting/">
    <Project Path="src/Modules/Reporting/Reporting.Application/Reporting.Application.csproj" />
    <Project Path="src/Modules/Reporting/Reporting.Contracts/Reporting.Contracts.csproj" />
    <Project Path="src/Modules/Reporting/Reporting.Domain/Reporting.Domain.csproj" />
    <Project Path="src/Modules/Reporting/Reporting.Endpoints/Reporting.Endpoints.csproj" />
    <Project Path="src/Modules/Reporting/Reporting.Infrastructure/Reporting.Infrastructure.csproj" />
  </Folder>
  <Folder Name="/src/Modules/Sales/">
    <Project Path="src/Modules/Sales/Sales.Application/Sales.Application.csproj" />
    <Project Path="src/Modules/Sales/Sales.Contracts/Sales.Contracts.csproj" />
    <Project Path="src/Modules/Sales/Sales.Domain/Sales.Domain.csproj" />
    <Project Path="src/Modules/Sales/Sales.Endpoints/Sales.Endpoints.csproj" />
    <Project Path="src/Modules/Sales/Sales.Infrastructure/Sales.Infrastructure.csproj" />
  </Folder>
  <Folder Name="/tests/">
    <Project Path="tests/Architecture.Tests/Architecture.Tests.csproj" />
    <Project Path="tests/Catalog.Tests/Catalog.Tests.csproj" />
    <Project Path="tests/Identity.Tests/Identity.Tests.csproj" />
    <Project Path="tests/Integration.Tests/Integration.Tests.csproj" />
    <Project Path="tests/Inventory.Tests/Inventory.Tests.csproj" />
    <Project Path="tests/Sales.Tests/Sales.Tests.csproj" />
  </Folder>
</Solution>
